{
  "version": 4,
  "terraform_version": "1.12.2",
  "serial": 67,
  "lineage": "72df046e-6e55-a7c7-a8a9-596942e05061",
  "outputs": {
    "dynamodb_table_name": {
      "value": "DrillinRigInventory",
      "type": "string"
    },
    "inventory_checker_lambda_function_name": {
      "value": "DrillinRigInventory-InventoryCheckerNotifier",
      "type": "string"
    },
    "s3_to_dynamodb_loader_lambda_function_name": {
      "value": "DrillinRigInventory-S3ToDynamoDBLoader",
      "type": "string"
    },
    "s3_upload_bucket_name": {
      "value": "drillinrig-inventory-uploads-unique-bucket-name",
      "type": "string"
    },
    "sns_subscription_confirmation_note": {
      "value": "Please confirm the SNS subscription by clicking the link in the email sent to cedrickjbyrd@gmail.com.",
      "type": "string"
    },
    "sns_topic_arn": {
      "value": "arn:aws:sns:us-east-1:731184206915:LowInventoryAlerts",
      "type": "string"
    }
  },
  "resources": [
    {
      "mode": "data",
      "type": "archive_file",
      "name": "inventory_checker_lambda_zip",
      "provider": "provider[\"registry.terraform.io/hashicorp/archive\"]",
      "instances": [
        {
          "schema_version": 0,
          "attributes": {
            "exclude_symlink_directories": null,
            "excludes": null,
            "id": "7e6902cf3322e6b58cf791f20f005d487ab5d6a7",
            "output_base64sha256": "l0Mtyz6aOEYiItVSYeX+mwPMEk+mv6bSJXbZNo6OOu8=",
            "output_base64sha512": "Vnpx5aL3/gPoulzFIfzGKGx1x52fTOpQKCYAxaThOGqNDt72Q1kDkIKLXkhIV40HQHE02MlDMGLRCn/F6K4fgQ==",
            "output_file_mode": null,
            "output_md5": "787b3d549d6ab189c8a116cf23712363",
            "output_path": "./lambda/inventory_checker_notifier.zip",
            "output_sha": "7e6902cf3322e6b58cf791f20f005d487ab5d6a7",
            "output_sha256": "97432dcb3e9a38462222d55261e5fe9b03cc124fa6bfa6d22576d9368e8e3aef",
            "output_sha512": "567a71e5a2f7fe03e8ba5cc521fcc6286c75c79d9f4cea50282600c5a4e1386a8d0edef643590390828b5e4848578d07407134d8c9433062d10a7fc5e8ae1f81",
            "output_size": 1728,
            "source": [],
            "source_content": null,
            "source_content_filename": null,
            "source_dir": "./lambda/inventory_checker_notifier",
            "source_file": null,
            "type": "zip"
          },
          "sensitive_attributes": [],
          "identity_schema_version": 0
        }
      ]
    },
    {
      "mode": "data",
      "type": "archive_file",
      "name": "s3_to_dynamodb_loader_lambda_zip",
      "provider": "provider[\"registry.terraform.io/hashicorp/archive\"]",
      "instances": [
        {
          "index_key": 0,
          "schema_version": 0,
          "attributes": {
            "exclude_symlink_directories": null,
            "excludes": null,
            "id": "1b70dca684be7553973969c77582bd094a60ec36",
            "output_base64sha256": "BIEMpn0Nv5LQ13M6URDJF2bFmax6hvl2LouFgXY3NmU=",
            "output_base64sha512": "EZXUGgk4kyMaXeh44dfBPoWKzOIKsvCPUlB2yo+zrucBU6/THSA8SuT1qK1A28YpwfoX3xP3z35nsW9hzDUFPg==",
            "output_file_mode": null,
            "output_md5": "2536918d9192fa5473a5308498631b63",
            "output_path": "./lambda/s3_to_dynamodb_loader.zip",
            "output_sha": "1b70dca684be7553973969c77582bd094a60ec36",
            "output_sha256": "04810ca67d0dbf92d0d7733a5110c91766c599ac7a86f9762e8b858176373665",
            "output_sha512": "1195d41a093893231a5de878e1d7c13e858acce20ab2f08f525076ca8fb3aee70153afd31d203c4ae4f5a8ad40dbc629c1fa17df13f7cf7e67b16f61cc35053e",
            "output_size": 1078,
            "source": [],
            "source_content": null,
            "source_content_filename": null,
            "source_dir": "./lambda/s3_to_dynamodb_loader",
            "source_file": null,
            "type": "zip"
          },
          "sensitive_attributes": [],
          "identity_schema_version": 0
        }
      ]
    },
    {
      "mode": "managed",
      "type": "aws_dynamodb_table",
      "name": "inventory",
      "provider": "provider[\"registry.terraform.io/hashicorp/aws\"]",
      "instances": [
        {
          "schema_version": 1,
          "attributes": {
            "arn": "arn:aws:dynamodb:us-east-1:731184206915:table/DrillinRigInventory",
            "attribute": [
              {
                "name": "item_id",
                "type": "S"
              }
            ],
            "billing_mode": "PAY_PER_REQUEST",
            "deletion_protection_enabled": false,
            "global_secondary_index": [],
            "hash_key": "item_id",
            "id": "DrillinRigInventory",
            "import_table": [],
            "local_secondary_index": [],
            "name": "DrillinRigInventory",
            "on_demand_throughput": [],
            "point_in_time_recovery": [
              {
                "enabled": false,
                "recovery_period_in_days": 0
              }
            ],
            "range_key": null,
            "read_capacity": 0,
            "region": "us-east-1",
            "replica": [],
            "restore_date_time": null,
            "restore_source_name": null,
            "restore_source_table_arn": null,
            "restore_to_latest_time": null,
            "server_side_encryption": [],
            "stream_arn": "arn:aws:dynamodb:us-east-1:731184206915:table/DrillinRigInventory/stream/2025-07-25T19:02:32.050",
            "stream_enabled": true,
            "stream_label": "2025-07-25T19:02:32.050",
            "stream_view_type": "NEW_IMAGE",
            "table_class": "STANDARD",
            "tags": {
              "Environment": "dev",
              "Name": "DrillinRigInventory-InventoryTable"
            },
            "tags_all": {
              "Environment": "dev",
              "Name": "DrillinRigInventory-InventoryTable"
            },
            "timeouts": null,
            "ttl": [
              {
                "attribute_name": "",
                "enabled": false
              }
            ],
            "write_capacity": 0
          },
          "sensitive_attributes": [],
          "identity_schema_version": 0,
          "private": "eyJlMmJmYjczMC1lY2FhLTExZTYtOGY4OC0zNDM2M2JjN2M0YzAiOnsiY3JlYXRlIjoxODAwMDAwMDAwMDAwLCJkZWxldGUiOjYwMDAwMDAwMDAwMCwidXBkYXRlIjozNjAwMDAwMDAwMDAwfSwic2NoZW1hX3ZlcnNpb24iOiIxIn0="
        }
      ]
    },
    {
      "mode": "managed",
      "type": "aws_iam_policy",
      "name": "inventory_checker_lambda_policy",
      "provider": "provider[\"registry.terraform.io/hashicorp/aws\"]",
      "instances": [
        {
          "schema_version": 0,
          "attributes": {
            "arn": "arn:aws:iam::731184206915:policy/DrillinRigInventory-InventoryCheckerLambdaPolicy",
            "attachment_count": 0,
            "description": "IAM policy for Lambda to read DynamoDB Streams and publish to SNS",
            "id": "arn:aws:iam::731184206915:policy/DrillinRigInventory-InventoryCheckerLambdaPolicy",
            "name": "DrillinRigInventory-InventoryCheckerLambdaPolicy",
            "name_prefix": "",
            "path": "/",
            "policy": "{\"Statement\":[{\"Action\":[\"logs:CreateLogGroup\",\"logs:CreateLogStream\",\"logs:PutLogEvents\"],\"Effect\":\"Allow\",\"Resource\":\"arn:aws:logs:*:*:*\"},{\"Action\":[\"dynamodb:DescribeStream\",\"dynamodb:GetRecords\",\"dynamodb:GetShardIterator\",\"dynamodb:ListStreams\"],\"Effect\":\"Allow\",\"Resource\":\"arn:aws:dynamodb:us-east-1:731184206915:table/DrillinRigInventory/stream/2025-07-25T19:02:32.050\"},{\"Action\":\"sns:Publish\",\"Effect\":\"Allow\",\"Resource\":\"arn:aws:sns:us-east-1:731184206915:LowInventoryAlerts\"}],\"Version\":\"2012-10-17\"}",
            "policy_id": "ANPA2UPPZSRBVAJ45YK3I",
            "tags": null,
            "tags_all": {}
          },
          "sensitive_attributes": [],
          "identity_schema_version": 0,
          "identity": {
            "arn": "arn:aws:iam::731184206915:policy/DrillinRigInventory-InventoryCheckerLambdaPolicy"
          },
          "private": "bnVsbA==",
          "dependencies": [
            "aws_dynamodb_table.inventory",
            "aws_sns_topic.low_inventory_alerts"
          ]
        }
      ]
    },
    {
      "mode": "managed",
      "type": "aws_iam_policy",
      "name": "s3_to_dynamodb_loader_lambda_policy",
      "provider": "provider[\"registry.terraform.io/hashicorp/aws\"]",
      "instances": [
        {
          "index_key": 0,
          "schema_version": 0,
          "attributes": {
            "arn": "arn:aws:iam::731184206915:policy/DrillinRigInventory-S3ToDynamoDBLoaderLambdaPolicy",
            "attachment_count": 0,
            "description": "IAM policy for Lambda to read S3 and write to DynamoDB",
            "id": "arn:aws:iam::731184206915:policy/DrillinRigInventory-S3ToDynamoDBLoaderLambdaPolicy",
            "name": "DrillinRigInventory-S3ToDynamoDBLoaderLambdaPolicy",
            "name_prefix": "",
            "path": "/",
            "policy": "{\"Statement\":[{\"Action\":[\"logs:CreateLogGroup\",\"logs:CreateLogStream\",\"logs:PutLogEvents\"],\"Effect\":\"Allow\",\"Resource\":\"arn:aws:logs:*:*:*\"},{\"Action\":[\"s3:GetObject\"],\"Effect\":\"Allow\",\"Resource\":\"arn:aws:s3:::drillinrig-inventory-uploads-unique-bucket-name/*\"},{\"Action\":[\"dynamodb:PutItem\",\"dynamodb:UpdateItem\"],\"Effect\":\"Allow\",\"Resource\":\"arn:aws:dynamodb:us-east-1:731184206915:table/DrillinRigInventory\"}],\"Version\":\"2012-10-17\"}",
            "policy_id": "ANPA2UPPZSRBRBJWUG2LS",
            "tags": null,
            "tags_all": {}
          },
          "sensitive_attributes": [],
          "identity_schema_version": 0,
          "identity": {
            "arn": "arn:aws:iam::731184206915:policy/DrillinRigInventory-S3ToDynamoDBLoaderLambdaPolicy"
          },
          "private": "bnVsbA==",
          "dependencies": [
            "aws_dynamodb_table.inventory",
            "aws_s3_bucket.inventory_uploads"
          ]
        }
      ]
    },
    {
      "mode": "managed",
      "type": "aws_iam_role",
      "name": "inventory_checker_lambda_role",
      "provider": "provider[\"registry.terraform.io/hashicorp/aws\"]",
      "instances": [
        {
          "schema_version": 0,
          "attributes": {
            "arn": "arn:aws:iam::731184206915:role/DrillinRigInventory-InventoryCheckerLambdaRole",
            "assume_role_policy": "{\"Statement\":[{\"Action\":\"sts:AssumeRole\",\"Effect\":\"Allow\",\"Principal\":{\"Service\":\"lambda.amazonaws.com\"}}],\"Version\":\"2012-10-17\"}",
            "create_date": "2025-07-25T19:02:32Z",
            "description": "",
            "force_detach_policies": false,
            "id": "DrillinRigInventory-InventoryCheckerLambdaRole",
            "inline_policy": [],
            "managed_policy_arns": [],
            "max_session_duration": 3600,
            "name": "DrillinRigInventory-InventoryCheckerLambdaRole",
            "name_prefix": "",
            "path": "/",
            "permissions_boundary": "",
            "tags": {
              "Environment": "dev",
              "Name": "DrillinRigInventory-InventoryCheckerLambdaRole"
            },
            "tags_all": {
              "Environment": "dev",
              "Name": "DrillinRigInventory-InventoryCheckerLambdaRole"
            },
            "unique_id": "AROA2UPPZSRBY4SM2WWGE"
          },
          "sensitive_attributes": [],
          "identity_schema_version": 0,
          "identity": {
            "account_id": "731184206915",
            "name": "DrillinRigInventory-InventoryCheckerLambdaRole"
          },
          "private": "bnVsbA=="
        }
      ]
    },
    {
      "mode": "managed",
      "type": "aws_iam_role",
      "name": "s3_to_dynamodb_loader_lambda_role",
      "provider": "provider[\"registry.terraform.io/hashicorp/aws\"]",
      "instances": [
        {
          "index_key": 0,
          "schema_version": 0,
          "attributes": {
            "arn": "arn:aws:iam::731184206915:role/DrillinRigInventory-S3ToDynamoDBLoaderLambdaRole",
            "assume_role_policy": "{\"Statement\":[{\"Action\":\"sts:AssumeRole\",\"Effect\":\"Allow\",\"Principal\":{\"Service\":\"lambda.amazonaws.com\"}}],\"Version\":\"2012-10-17\"}",
            "create_date": "2025-07-25T19:02:32Z",
            "description": "",
            "force_detach_policies": false,
            "id": "DrillinRigInventory-S3ToDynamoDBLoaderLambdaRole",
            "inline_policy": [],
            "managed_policy_arns": [],
            "max_session_duration": 3600,
            "name": "DrillinRigInventory-S3ToDynamoDBLoaderLambdaRole",
            "name_prefix": "",
            "path": "/",
            "permissions_boundary": "",
            "tags": {
              "Environment": "dev",
              "Name": "DrillinRigInventory-S3ToDynamoDBLoaderLambdaRole"
            },
            "tags_all": {
              "Environment": "dev",
              "Name": "DrillinRigInventory-S3ToDynamoDBLoaderLambdaRole"
            },
            "unique_id": "AROA2UPPZSRB5VXTK7TA7"
          },
          "sensitive_attributes": [],
          "identity_schema_version": 0,
          "identity": {
            "account_id": "731184206915",
            "name": "DrillinRigInventory-S3ToDynamoDBLoaderLambdaRole"
          },
          "private": "bnVsbA=="
        }
      ]
    },
    {
      "mode": "managed",
      "type": "aws_iam_role_policy_attachment",
      "name": "inventory_checker_lambda_attach",
      "provider": "provider[\"registry.terraform.io/hashicorp/aws\"]",
      "instances": [
        {
          "schema_version": 0,
          "attributes": {
            "id": "DrillinRigInventory-InventoryCheckerLambdaRole/arn:aws:iam::731184206915:policy/DrillinRigInventory-InventoryCheckerLambdaPolicy",
            "policy_arn": "arn:aws:iam::731184206915:policy/DrillinRigInventory-InventoryCheckerLambdaPolicy",
            "role": "DrillinRigInventory-InventoryCheckerLambdaRole"
          },
          "sensitive_attributes": [],
          "identity_schema_version": 0,
          "identity": {
            "account_id": "731184206915",
            "policy_arn": "arn:aws:iam::731184206915:policy/DrillinRigInventory-InventoryCheckerLambdaPolicy",
            "role": "DrillinRigInventory-InventoryCheckerLambdaRole"
          },
          "private": "bnVsbA==",
          "dependencies": [
            "aws_dynamodb_table.inventory",
            "aws_iam_policy.inventory_checker_lambda_policy",
            "aws_iam_role.inventory_checker_lambda_role",
            "aws_sns_topic.low_inventory_alerts"
          ]
        }
      ]
    },
    {
      "mode": "managed",
      "type": "aws_iam_role_policy_attachment",
      "name": "s3_to_dynamodb_loader_lambda_attach",
      "provider": "provider[\"registry.terraform.io/hashicorp/aws\"]",
      "instances": [
        {
          "index_key": 0,
          "schema_version": 0,
          "attributes": {
            "id": "DrillinRigInventory-S3ToDynamoDBLoaderLambdaRole/arn:aws:iam::731184206915:policy/DrillinRigInventory-S3ToDynamoDBLoaderLambdaPolicy",
            "policy_arn": "arn:aws:iam::731184206915:policy/DrillinRigInventory-S3ToDynamoDBLoaderLambdaPolicy",
            "role": "DrillinRigInventory-S3ToDynamoDBLoaderLambdaRole"
          },
          "sensitive_attributes": [],
          "identity_schema_version": 0,
          "identity": {
            "account_id": "731184206915",
            "policy_arn": "arn:aws:iam::731184206915:policy/DrillinRigInventory-S3ToDynamoDBLoaderLambdaPolicy",
            "role": "DrillinRigInventory-S3ToDynamoDBLoaderLambdaRole"
          },
          "private": "bnVsbA==",
          "dependencies": [
            "aws_dynamodb_table.inventory",
            "aws_iam_policy.s3_to_dynamodb_loader_lambda_policy",
            "aws_iam_role.s3_to_dynamodb_loader_lambda_role",
            "aws_s3_bucket.inventory_uploads"
          ]
        }
      ]
    },
    {
      "mode": "managed",
      "type": "aws_lambda_event_source_mapping",
      "name": "inventory_stream_mapping",
      "provider": "provider[\"registry.terraform.io/hashicorp/aws\"]",
      "instances": [
        {
          "schema_version": 0,
          "attributes": {
            "amazon_managed_kafka_event_source_config": [],
            "arn": "arn:aws:lambda:us-east-1:731184206915:event-source-mapping:0fdca5e2-3336-40eb-a444-4e2c318abeb9",
            "batch_size": 10,
            "bisect_batch_on_function_error": false,
            "destination_config": [
              {
                "on_failure": [
                  {
                    "destination_arn": null
                  }
                ]
              }
            ],
            "document_db_event_source_config": [],
            "enabled": true,
            "event_source_arn": "arn:aws:dynamodb:us-east-1:731184206915:table/DrillinRigInventory/stream/2025-07-25T19:02:32.050",
            "filter_criteria": [],
            "function_arn": "arn:aws:lambda:us-east-1:731184206915:function:DrillinRigInventory-InventoryCheckerNotifier",
            "function_name": "arn:aws:lambda:us-east-1:731184206915:function:DrillinRigInventory-InventoryCheckerNotifier",
            "function_response_types": null,
            "id": "0fdca5e2-3336-40eb-a444-4e2c318abeb9",
            "kms_key_arn": "",
            "last_modified": "2025-07-25T19:02:00Z",
            "last_processing_result": "No records processed",
            "maximum_batching_window_in_seconds": 1,
            "maximum_record_age_in_seconds": -1,
            "maximum_retry_attempts": -1,
            "metrics_config": [],
            "parallelization_factor": 1,
            "provisioned_poller_config": [],
            "queues": null,
            "region": "us-east-1",
            "scaling_config": [],
            "self_managed_event_source": [],
            "self_managed_kafka_event_source_config": [],
            "source_access_configuration": [],
            "starting_position": "LATEST",
            "starting_position_timestamp": "",
            "state": "Enabled",
            "state_transition_reason": "User action",
            "tags": null,
            "tags_all": {},
            "topics": null,
            "tumbling_window_in_seconds": 0,
            "uuid": "0fdca5e2-3336-40eb-a444-4e2c318abeb9"
          },
          "sensitive_attributes": [],
          "identity_schema_version": 0,
          "private": "bnVsbA==",
          "dependencies": [
            "aws_dynamodb_table.inventory",
            "aws_iam_role.inventory_checker_lambda_role",
            "aws_lambda_function.inventory_checker_notifier",
            "aws_sns_topic.low_inventory_alerts",
            "data.archive_file.inventory_checker_lambda_zip"
          ]
        }
      ]
    },
    {
      "mode": "managed",
      "type": "aws_lambda_function",
      "name": "inventory_checker_notifier",
      "provider": "provider[\"registry.terraform.io/hashicorp/aws\"]",
      "instances": [
        {
          "schema_version": 0,
          "attributes": {
            "architectures": [
              "x86_64"
            ],
            "arn": "arn:aws:lambda:us-east-1:731184206915:function:DrillinRigInventory-InventoryCheckerNotifier",
            "code_sha256": "l0Mtyz6aOEYiItVSYeX+mwPMEk+mv6bSJXbZNo6OOu8=",
            "code_signing_config_arn": "",
            "dead_letter_config": [],
            "description": "",
            "environment": [
              {
                "variables": {
                  "DEFAULT_MIN_QUANTITY": "5",
                  "SNS_TOPIC_ARN": "arn:aws:sns:us-east-1:731184206915:LowInventoryAlerts"
                }
              }
            ],
            "ephemeral_storage": [
              {
                "size": 512
              }
            ],
            "file_system_config": [],
            "filename": "./lambda/inventory_checker_notifier.zip",
            "function_name": "DrillinRigInventory-InventoryCheckerNotifier",
            "handler": "main.lambda_handler",
            "id": "DrillinRigInventory-InventoryCheckerNotifier",
            "image_config": [],
            "image_uri": "",
            "invoke_arn": "arn:aws:apigateway:us-east-1:lambda:path/2015-03-31/functions/arn:aws:lambda:us-east-1:731184206915:function:DrillinRigInventory-InventoryCheckerNotifier/invocations",
            "kms_key_arn": "",
            "last_modified": "2025-07-25T19:02:41.522+0000",
            "layers": null,
            "logging_config": [
              {
                "application_log_level": "",
                "log_format": "Text",
                "log_group": "/aws/lambda/DrillinRigInventory-InventoryCheckerNotifier",
                "system_log_level": ""
              }
            ],
            "memory_size": 128,
            "package_type": "Zip",
            "publish": false,
            "qualified_arn": "arn:aws:lambda:us-east-1:731184206915:function:DrillinRigInventory-InventoryCheckerNotifier:$LATEST",
            "qualified_invoke_arn": "arn:aws:apigateway:us-east-1:lambda:path/2015-03-31/functions/arn:aws:lambda:us-east-1:731184206915:function:DrillinRigInventory-InventoryCheckerNotifier:$LATEST/invocations",
            "region": "us-east-1",
            "replace_security_groups_on_destroy": null,
            "replacement_security_group_ids": null,
            "reserved_concurrent_executions": -1,
            "role": "arn:aws:iam::731184206915:role/DrillinRigInventory-InventoryCheckerLambdaRole",
            "runtime": "python3.12",
            "s3_bucket": null,
            "s3_key": null,
            "s3_object_version": null,
            "signing_job_arn": "",
            "signing_profile_version_arn": "",
            "skip_destroy": false,
            "snap_start": [],
            "source_code_hash": "l0Mtyz6aOEYiItVSYeX+mwPMEk+mv6bSJXbZNo6OOu8=",
            "source_code_size": 1728,
            "tags": {
              "Environment": "dev",
              "Name": "DrillinRigInventory-InventoryCheckerNotifier"
            },
            "tags_all": {
              "Environment": "dev",
              "Name": "DrillinRigInventory-InventoryCheckerNotifier"
            },
            "timeout": 30,
            "timeouts": null,
            "tracing_config": [
              {
                "mode": "PassThrough"
              }
            ],
            "version": "$LATEST",
            "vpc_config": []
          },
          "sensitive_attributes": [],
          "identity_schema_version": 0,
          "private": "eyJlMmJmYjczMC1lY2FhLTExZTYtOGY4OC0zNDM2M2JjN2M0YzAiOnsiY3JlYXRlIjo2MDAwMDAwMDAwMDAsImRlbGV0ZSI6NjAwMDAwMDAwMDAwLCJ1cGRhdGUiOjYwMDAwMDAwMDAwMH19",
          "dependencies": [
            "aws_iam_role.inventory_checker_lambda_role",
            "aws_sns_topic.low_inventory_alerts",
            "data.archive_file.inventory_checker_lambda_zip"
          ]
        }
      ]
    },
    {
      "mode": "managed",
      "type": "aws_lambda_function",
      "name": "s3_to_dynamodb_loader",
      "provider": "provider[\"registry.terraform.io/hashicorp/aws\"]",
      "instances": [
        {
          "index_key": 0,
          "schema_version": 0,
          "attributes": {
            "architectures": [
              "x86_64"
            ],
            "arn": "arn:aws:lambda:us-east-1:731184206915:function:DrillinRigInventory-S3ToDynamoDBLoader",
            "code_sha256": "BIEMpn0Nv5LQ13M6URDJF2bFmax6hvl2LouFgXY3NmU=",
            "code_signing_config_arn": "",
            "dead_letter_config": [],
            "description": "",
            "environment": [
              {
                "variables": {
                  "DYNAMODB_TABLE_NAME": "DrillinRigInventory"
                }
              }
            ],
            "ephemeral_storage": [
              {
                "size": 512
              }
            ],
            "file_system_config": [],
            "filename": "./lambda/s3_to_dynamodb_loader.zip",
            "function_name": "DrillinRigInventory-S3ToDynamoDBLoader",
            "handler": "main.lambda_handler",
            "id": "DrillinRigInventory-S3ToDynamoDBLoader",
            "image_config": [],
            "image_uri": "",
            "invoke_arn": "arn:aws:apigateway:us-east-1:lambda:path/2015-03-31/functions/arn:aws:lambda:us-east-1:731184206915:function:DrillinRigInventory-S3ToDynamoDBLoader/invocations",
            "kms_key_arn": "",
            "last_modified": "2025-07-25T19:02:47.619+0000",
            "layers": null,
            "logging_config": [
              {
                "application_log_level": "",
                "log_format": "Text",
                "log_group": "/aws/lambda/DrillinRigInventory-S3ToDynamoDBLoader",
                "system_log_level": ""
              }
            ],
            "memory_size": 256,
            "package_type": "Zip",
            "publish": false,
            "qualified_arn": "arn:aws:lambda:us-east-1:731184206915:function:DrillinRigInventory-S3ToDynamoDBLoader:$LATEST",
            "qualified_invoke_arn": "arn:aws:apigateway:us-east-1:lambda:path/2015-03-31/functions/arn:aws:lambda:us-east-1:731184206915:function:DrillinRigInventory-S3ToDynamoDBLoader:$LATEST/invocations",
            "region": "us-east-1",
            "replace_security_groups_on_destroy": null,
            "replacement_security_group_ids": null,
            "reserved_concurrent_executions": -1,
            "role": "arn:aws:iam::731184206915:role/DrillinRigInventory-S3ToDynamoDBLoaderLambdaRole",
            "runtime": "python3.12",
            "s3_bucket": null,
            "s3_key": null,
            "s3_object_version": null,
            "signing_job_arn": "",
            "signing_profile_version_arn": "",
            "skip_destroy": false,
            "snap_start": [],
            "source_code_hash": "BIEMpn0Nv5LQ13M6URDJF2bFmax6hvl2LouFgXY3NmU=",
            "source_code_size": 1078,
            "tags": {
              "Environment": "dev",
              "Name": "DrillinRigInventory-S3ToDynamoDBLoader"
            },
            "tags_all": {
              "Environment": "dev",
              "Name": "DrillinRigInventory-S3ToDynamoDBLoader"
            },
            "timeout": 60,
            "timeouts": null,
            "tracing_config": [
              {
                "mode": "PassThrough"
              }
            ],
            "version": "$LATEST",
            "vpc_config": []
          },
          "sensitive_attributes": [],
          "identity_schema_version": 0,
          "private": "eyJlMmJmYjczMC1lY2FhLTExZTYtOGY4OC0zNDM2M2JjN2M0YzAiOnsiY3JlYXRlIjo2MDAwMDAwMDAwMDAsImRlbGV0ZSI6NjAwMDAwMDAwMDAwLCJ1cGRhdGUiOjYwMDAwMDAwMDAwMH19",
          "dependencies": [
            "aws_dynamodb_table.inventory",
            "aws_iam_role.s3_to_dynamodb_loader_lambda_role",
            "data.archive_file.s3_to_dynamodb_loader_lambda_zip"
          ]
        }
      ]
    },
    {
      "mode": "managed",
      "type": "aws_lambda_permission",
      "name": "allow_s3_to_invoke_s3_to_dynamodb_loader",
      "provider": "provider[\"registry.terraform.io/hashicorp/aws\"]",
      "instances": [
        {
          "index_key": 0,
          "schema_version": 0,
          "attributes": {
            "action": "lambda:InvokeFunction",
            "event_source_token": null,
            "function_name": "DrillinRigInventory-S3ToDynamoDBLoader",
            "function_url_auth_type": null,
            "id": "AllowS3InvokeLambda",
            "principal": "s3.amazonaws.com",
            "principal_org_id": null,
            "qualifier": "",
            "region": "us-east-1",
            "source_account": null,
            "source_arn": "arn:aws:s3:::drillinrig-inventory-uploads-unique-bucket-name",
            "statement_id": "AllowS3InvokeLambda",
            "statement_id_prefix": ""
          },
          "sensitive_attributes": [],
          "identity_schema_version": 0,
          "private": "bnVsbA==",
          "dependencies": [
            "aws_dynamodb_table.inventory",
            "aws_iam_role.s3_to_dynamodb_loader_lambda_role",
            "aws_lambda_function.s3_to_dynamodb_loader",
            "aws_s3_bucket.inventory_uploads",
            "data.archive_file.s3_to_dynamodb_loader_lambda_zip"
          ]
        }
      ]
    },
    {
      "mode": "managed",
      "type": "aws_s3_bucket",
      "name": "inventory_uploads",
      "provider": "provider[\"registry.terraform.io/hashicorp/aws\"]",
      "instances": [
        {
          "schema_version": 0,
          "attributes": {
            "acceleration_status": "",
            "acl": null,
            "arn": "arn:aws:s3:::drillinrig-inventory-uploads-unique-bucket-name",
            "bucket": "drillinrig-inventory-uploads-unique-bucket-name",
            "bucket_domain_name": "drillinrig-inventory-uploads-unique-bucket-name.s3.amazonaws.com",
            "bucket_prefix": "",
            "bucket_region": "us-east-1",
            "bucket_regional_domain_name": "drillinrig-inventory-uploads-unique-bucket-name.s3.us-east-1.amazonaws.com",
            "cors_rule": [],
            "force_destroy": false,
            "grant": [
              {
                "id": "c7d96803de0544587b1e4786628947e4a93a4163fd2fca831c11809d127d24f6",
                "permissions": [
                  "FULL_CONTROL"
                ],
                "type": "CanonicalUser",
                "uri": ""
              }
            ],
            "hosted_zone_id": "Z3AQBSTGFYJSTF",
            "id": "drillinrig-inventory-uploads-unique-bucket-name",
            "lifecycle_rule": [],
            "logging": [],
            "object_lock_configuration": [],
            "object_lock_enabled": false,
            "policy": "",
            "region": "us-east-1",
            "replication_configuration": [],
            "request_payer": "BucketOwner",
            "server_side_encryption_configuration": [
              {
                "rule": [
                  {
                    "apply_server_side_encryption_by_default": [
                      {
                        "kms_master_key_id": "",
                        "sse_algorithm": "AES256"
                      }
                    ],
                    "bucket_key_enabled": false
                  }
                ]
              }
            ],
            "tags": {
              "Environment": "dev",
              "Name": "DrillinRigInventory-InventoryUploads"
            },
            "tags_all": {
              "Environment": "dev",
              "Name": "DrillinRigInventory-InventoryUploads"
            },
            "timeouts": null,
            "versioning": [
              {
                "enabled": false,
                "mfa_delete": false
              }
            ],
            "website": [],
            "website_domain": null,
            "website_endpoint": null
          },
          "sensitive_attributes": [],
          "identity_schema_version": 0,
          "identity": {
            "account_id": "731184206915",
            "bucket": "drillinrig-inventory-uploads-unique-bucket-name",
            "region": "us-east-1"
          },
          "private": "eyJlMmJmYjczMC1lY2FhLTExZTYtOGY4OC0zNDM2M2JjN2M0YzAiOnsiY3JlYXRlIjoxMjAwMDAwMDAwMDAwLCJkZWxldGUiOjM2MDAwMDAwMDAwMDAsInJlYWQiOjEyMDAwMDAwMDAwMDAsInVwZGF0ZSI6MTIwMDAwMDAwMDAwMH19"
        }
      ]
    },
    {
      "mode": "managed",
      "type": "aws_s3_bucket_notification",
      "name": "s3_to_dynamodb_notification",
      "provider": "provider[\"registry.terraform.io/hashicorp/aws\"]",
      "instances": [
        {
          "index_key": 0,
          "schema_version": 0,
          "attributes": {
            "bucket": "drillinrig-inventory-uploads-unique-bucket-name",
            "eventbridge": false,
            "id": "drillinrig-inventory-uploads-unique-bucket-name",
            "lambda_function": [
              {
                "events": [
                  "s3:ObjectCreated:*"
                ],
                "filter_prefix": "uploads/",
                "filter_suffix": ".csv",
                "id": "tf-s3-lambda-20250725190253668500000001",
                "lambda_function_arn": "arn:aws:lambda:us-east-1:731184206915:function:DrillinRigInventory-S3ToDynamoDBLoader"
              }
            ],
            "queue": [],
            "region": "us-east-1",
            "topic": []
          },
          "sensitive_attributes": [],
          "identity_schema_version": 0,
          "private": "bnVsbA==",
          "dependencies": [
            "aws_dynamodb_table.inventory",
            "aws_iam_role.s3_to_dynamodb_loader_lambda_role",
            "aws_lambda_function.s3_to_dynamodb_loader",
            "aws_s3_bucket.inventory_uploads",
            "data.archive_file.s3_to_dynamodb_loader_lambda_zip"
          ]
        }
      ]
    },
    {
      "mode": "managed",
      "type": "aws_s3_bucket_public_access_block",
      "name": "inventory_uploads_public_access_block",
      "provider": "provider[\"registry.terraform.io/hashicorp/aws\"]",
      "instances": [
        {
          "schema_version": 0,
          "attributes": {
            "block_public_acls": true,
            "block_public_policy": true,
            "bucket": "drillinrig-inventory-uploads-unique-bucket-name",
            "id": "drillinrig-inventory-uploads-unique-bucket-name",
            "ignore_public_acls": true,
            "region": "us-east-1",
            "restrict_public_buckets": true,
            "skip_destroy": null
          },
          "sensitive_attributes": [],
          "identity_schema_version": 0,
          "private": "bnVsbA==",
          "dependencies": [
            "aws_s3_bucket.inventory_uploads"
          ]
        }
      ]
    },
    {
      "mode": "managed",
      "type": "aws_sns_topic",
      "name": "low_inventory_alerts",
      "provider": "provider[\"registry.terraform.io/hashicorp/aws\"]",
      "instances": [
        {
          "schema_version": 0,
          "attributes": {
            "application_failure_feedback_role_arn": "",
            "application_success_feedback_role_arn": "",
            "application_success_feedback_sample_rate": 0,
            "archive_policy": "",
            "arn": "arn:aws:sns:us-east-1:731184206915:LowInventoryAlerts",
            "beginning_archive_time": "",
            "content_based_deduplication": false,
            "delivery_policy": "",
            "display_name": "",
            "fifo_throughput_scope": "",
            "fifo_topic": false,
            "firehose_failure_feedback_role_arn": "",
            "firehose_success_feedback_role_arn": "",
            "firehose_success_feedback_sample_rate": 0,
            "http_failure_feedback_role_arn": "",
            "http_success_feedback_role_arn": "",
            "http_success_feedback_sample_rate": 0,
            "id": "arn:aws:sns:us-east-1:731184206915:LowInventoryAlerts",
            "kms_master_key_id": "",
            "lambda_failure_feedback_role_arn": "",
            "lambda_success_feedback_role_arn": "",
            "lambda_success_feedback_sample_rate": 0,
            "name": "LowInventoryAlerts",
            "name_prefix": "",
            "owner": "731184206915",
            "policy": "{\"Id\":\"__default_policy_ID\",\"Statement\":[{\"Action\":[\"SNS:GetTopicAttributes\",\"SNS:SetTopicAttributes\",\"SNS:AddPermission\",\"SNS:RemovePermission\",\"SNS:DeleteTopic\",\"SNS:Subscribe\",\"SNS:ListSubscriptionsByTopic\",\"SNS:Publish\"],\"Condition\":{\"StringEquals\":{\"AWS:SourceOwner\":\"731184206915\"}},\"Effect\":\"Allow\",\"Principal\":{\"AWS\":\"*\"},\"Resource\":\"arn:aws:sns:us-east-1:731184206915:LowInventoryAlerts\",\"Sid\":\"__default_statement_ID\"}],\"Version\":\"2008-10-17\"}",
            "region": "us-east-1",
            "signature_version": 0,
            "sqs_failure_feedback_role_arn": "",
            "sqs_success_feedback_role_arn": "",
            "sqs_success_feedback_sample_rate": 0,
            "tags": {
              "Environment": "dev",
              "Name": "DrillinRigInventory-LowInventoryAlerts"
            },
            "tags_all": {
              "Environment": "dev",
              "Name": "DrillinRigInventory-LowInventoryAlerts"
            },
            "tracing_config": ""
          },
          "sensitive_attributes": [],
          "identity_schema_version": 0,
          "identity": {
            "arn": "arn:aws:sns:us-east-1:731184206915:LowInventoryAlerts"
          },
          "private": "bnVsbA=="
        }
      ]
    },
    {
      "mode": "managed",
      "type": "aws_sns_topic_subscription",
      "name": "email_alerts",
      "provider": "provider[\"registry.terraform.io/hashicorp/aws\"]",
      "instances": [
        {
          "schema_version": 0,
          "attributes": {
            "arn": "arn:aws:sns:us-east-1:731184206915:LowInventoryAlerts:f6eccf27-504d-4651-943f-10477f36774c",
            "confirmation_timeout_in_minutes": 1,
            "confirmation_was_authenticated": false,
            "delivery_policy": "",
            "endpoint": "cedrickjbyrd@gmail.com",
            "endpoint_auto_confirms": false,
            "filter_policy": "",
            "filter_policy_scope": "",
            "id": "arn:aws:sns:us-east-1:731184206915:LowInventoryAlerts:f6eccf27-504d-4651-943f-10477f36774c",
            "owner_id": "731184206915",
            "pending_confirmation": true,
            "protocol": "email",
            "raw_message_delivery": false,
            "redrive_policy": "",
            "region": "us-east-1",
            "replay_policy": "",
            "subscription_role_arn": "",
            "topic_arn": "arn:aws:sns:us-east-1:731184206915:LowInventoryAlerts"
          },
          "sensitive_attributes": [],
          "identity_schema_version": 0,
          "private": "bnVsbA==",
          "dependencies": [
            "aws_sns_topic.low_inventory_alerts"
          ]
        }
      ]
    }
  ],
  "check_results": null
}
